
Microsoft Visual Studio Solution File, Format Version 12.00
# Visual Studio 15
VisualStudioVersion = 15.0.28010.0
MinimumVisualStudioVersion = 10.0.40219.1
Project("{FAE04EC0-301F-11D3-BF4B-00C04F79EFBC}") = "Nums", "Nums.csproj", "{10214079-6E31-4711-91D3-3813FC0BCDD0}"
EndProject
Global
	GlobalSection(SolutionConfigurationPlatforms) = preSolution
		Debug|Any CPU = Debug|Any CPU
		Release|Any CPU = Release|Any CPU
	EndGlobalSection
	GlobalSection(ProjectConfigurationPlatforms) = postSolution
		{10214079-6E31-4711-91D3-3813FC0BCDD0}.Debug|Any CPU.ActiveCfg = Debug|Any CPU
		{10214079-6E31-4711-91D3-3813FC0BCDD0}.Debug|Any CPU.Build.0 = Debug|Any CPU
		{10214079-6E31-4711-91D3-3813FC0BCDD0}.Release|Any CPU.ActiveCfg = Release|Any CPU
		{10214079-6E31-4711-91D3-3813FC0BCDD0}.Release|Any CPU.Build.0 = Release|Any CPU
	EndGlobalSection
	GlobalSection(SolutionProperties) = preSolution
		HideSolutionNode = FALSE
	EndGlobalSection
	GlobalSection(ExtensibilityGlobals) = postSolution
		SolutionGuid = {62C7DD50-94FE-4722-9ED0-314A1177981C}
	EndGlobalSection
EndGlobal
